
Microsoft Visual Studio Solution File, Format Version 12.00
# Visual Studio Version 17
VisualStudioVersion = 17.4.33213.308
MinimumVisualStudioVersion = 10.0.40219.1
Project("{FAE04EC0-301F-11D3-BF4B-00C04F79EFBC}") = "ConsoleApp3.3.2", "ConsoleApp3.3.2\ConsoleApp3.3.2.csproj", "{C954C46D-94DB-4534-B0F0-079C85DA9E2F}"
EndProject
Global
	GlobalSection(SolutionConfigurationPlatforms) = preSolution
		Debug|Any CPU = Debug|Any CPU
		Release|Any CPU = Release|Any CPU
	EndGlobalSection
	GlobalSection(ProjectConfigurationPlatforms) = postSolution
		{C954C46D-94DB-4534-B0F0-079C85DA9E2F}.Debug|Any CPU.ActiveCfg = Debug|Any CPU
		{C954C46D-94DB-4534-B0F0-079C85DA9E2F}.Debug|Any CPU.Build.0 = Debug|Any CPU
		{C954C46D-94DB-4534-B0F0-079C85DA9E2F}.Release|Any CPU.ActiveCfg = Release|Any CPU
		{C954C46D-94DB-4534-B0F0-079C85DA9E2F}.Release|Any CPU.Build.0 = Release|Any CPU
	EndGlobalSection
	GlobalSection(SolutionProperties) = preSolution
		HideSolutionNode = FALSE
	EndGlobalSection
	GlobalSection(ExtensibilityGlobals) = postSolution
		SolutionGuid = {A8FA4066-EA44-4707-8E4B-D3081CB2EA86}
	EndGlobalSection
EndGlobal
